
Microsoft Visual Studio Solution File, Format Version 12.00
# Visual Studio Version 17
VisualStudioVersion = 17.3.32929.385
MinimumVisualStudioVersion = 10.0.40219.1
Project("{FAE04EC0-301F-11D3-BF4B-00C04F79EFBC}") = "IS-2-20-FahrislamovDV-U", "IS-2-20-FahrislamovDV-U\IS-2-20-FahrislamovDV-U.csproj", "{7681883C-A300-41AF-AA94-D9F60661427A}"
EndProject
Global
	GlobalSection(SolutionConfigurationPlatforms) = preSolution
		Debug|Any CPU = Debug|Any CPU
		Release|Any CPU = Release|Any CPU
	EndGlobalSection
	GlobalSection(ProjectConfigurationPlatforms) = postSolution
		{7681883C-A300-41AF-AA94-D9F60661427A}.Debug|Any CPU.ActiveCfg = Debug|Any CPU
		{7681883C-A300-41AF-AA94-D9F60661427A}.Debug|Any CPU.Build.0 = Debug|Any CPU
		{7681883C-A300-41AF-AA94-D9F60661427A}.Release|Any CPU.ActiveCfg = Release|Any CPU
		{7681883C-A300-41AF-AA94-D9F60661427A}.Release|Any CPU.Build.0 = Release|Any CPU
	EndGlobalSection
	GlobalSection(SolutionProperties) = preSolution
		HideSolutionNode = FALSE
	EndGlobalSection
	GlobalSection(ExtensibilityGlobals) = postSolution
		SolutionGuid = {1456F3A5-A835-4988-ACA6-09FABFD02DA3}
	EndGlobalSection
EndGlobal
